// !$*UTF8*$!
{
	archiveVersion = 1;
	classes = {
	};
	objectVersion = 46;
	objects = {

/* Begin PBXBuildFile section */
		021195F91ADFF32D00C367C6 /* AttractionsTableViewController.m in Sources */ = {isa = PBXBuildFile; fileRef = 021195F81ADFF32D00C367C6 /* AttractionsTableViewController.m */; };
		021195FC1ADFF36000C367C6 /* PreferencesViewController.m in Sources */ = {isa = PBXBuildFile; fileRef = 021195FB1ADFF36000C367C6 /* PreferencesViewController.m */; };
		021196011AE0031D00C367C6 /* MobileCoreServices.framework in Frameworks */ = {isa = PBXBuildFile; fileRef = 021196001AE0031D00C367C6 /* MobileCoreServices.framework */; };
		021196031AE0032F00C367C6 /* SystemConfiguration.framework in Frameworks */ = {isa = PBXBuildFile; fileRef = 021196021AE0032F00C367C6 /* SystemConfiguration.framework */; };
		021196071AE0034000C367C6 /* Security.framework in Frameworks */ = {isa = PBXBuildFile; fileRef = 021196061AE0034000C367C6 /* Security.framework */; };
		021196091AE0034700C367C6 /* QuartzCore.framework in Frameworks */ = {isa = PBXBuildFile; fileRef = 021196081AE0034700C367C6 /* QuartzCore.framework */; };
		0211960B1AE0035100C367C6 /* libz.1.1.3.dylib in Frameworks */ = {isa = PBXBuildFile; fileRef = 0211960A1AE0035100C367C6 /* libz.1.1.3.dylib */; };
		0211960D1AE0035800C367C6 /* CoreLocation.framework in Frameworks */ = {isa = PBXBuildFile; fileRef = 0211960C1AE0035800C367C6 /* CoreLocation.framework */; };
		0211960F1AE0035E00C367C6 /* CoreGraphics.framework in Frameworks */ = {isa = PBXBuildFile; fileRef = 0211960E1AE0035E00C367C6 /* CoreGraphics.framework */; };
		021196111AE0036500C367C6 /* CFNetwork.framework in Frameworks */ = {isa = PBXBuildFile; fileRef = 021196101AE0036500C367C6 /* CFNetwork.framework */; };
		021196131AE0036B00C367C6 /* AudioToolbox.framework in Frameworks */ = {isa = PBXBuildFile; fileRef = 021196121AE0036B00C367C6 /* AudioToolbox.framework */; };
		021196151AE0037300C367C6 /* UIKit.framework in Frameworks */ = {isa = PBXBuildFile; fileRef = 021196141AE0037300C367C6 /* UIKit.framework */; };
		021196171AE0037A00C367C6 /* Foundation.framework in Frameworks */ = {isa = PBXBuildFile; fileRef = 021196161AE0037A00C367C6 /* Foundation.framework */; };
		0211961F1AE0065D00C367C6 /* libsqlite3.0.dylib in Frameworks */ = {isa = PBXBuildFile; fileRef = 0211961E1AE0065D00C367C6 /* libsqlite3.0.dylib */; };
		021E59171AE40BF30003B6B7 /* CategoryPickerTableViewController.m in Sources */ = {isa = PBXBuildFile; fileRef = 021E59161AE40BF30003B6B7 /* CategoryPickerTableViewController.m */; };
		021E591A1AE411260003B6B7 /* NewAttractionViewController.m in Sources */ = {isa = PBXBuildFile; fileRef = 021E59191AE411260003B6B7 /* NewAttractionViewController.m */; };
		0230BA6D1B024E2C00B14A6B /* NewReviewViewController.m in Sources */ = {isa = PBXBuildFile; fileRef = 0230BA6C1B024E2C00B14A6B /* NewReviewViewController.m */; };
		0239ED411B2B51A400E70E1A /* CustomRefresh.m in Sources */ = {isa = PBXBuildFile; fileRef = 0239ED401B2B51A400E70E1A /* CustomRefresh.m */; };
		0239ED431B2B564F00E70E1A /* RefreshContents.xib in Resources */ = {isa = PBXBuildFile; fileRef = 0239ED421B2B564F00E70E1A /* RefreshContents.xib */; };
		0259705A1B0930A8006E5413 /* AttractionCellTests.m in Sources */ = {isa = PBXBuildFile; fileRef = 025970591B0930A8006E5413 /* AttractionCellTests.m */; };
		0259705C1B0936B5006E5413 /* ReviewCellTests.m in Sources */ = {isa = PBXBuildFile; fileRef = 0259705B1B0936B5006E5413 /* ReviewCellTests.m */; };
		0259705E1B093F1A006E5413 /* GalleryCollectionViewCellTests.m in Sources */ = {isa = PBXBuildFile; fileRef = 0259705D1B093F1A006E5413 /* GalleryCollectionViewCellTests.m */; };
		025970601B094108006E5413 /* GalleryCollectionReusableViewTest.m in Sources */ = {isa = PBXBuildFile; fileRef = 0259705F1B094108006E5413 /* GalleryCollectionReusableViewTest.m */; };
		025970621B094481006E5413 /* CategorySwitcherTableCellTests.m in Sources */ = {isa = PBXBuildFile; fileRef = 025970611B094481006E5413 /* CategorySwitcherTableCellTests.m */; };
		027B25261B0BB7B100C5E43F /* PresentPhotoViewController.m in Sources */ = {isa = PBXBuildFile; fileRef = 027B25251B0BB7B100C5E43F /* PresentPhotoViewController.m */; };
		027B25291B0BBE6E00C5E43F /* NavigationControllerDelegate.m in Sources */ = {isa = PBXBuildFile; fileRef = 027B25281B0BBE6E00C5E43F /* NavigationControllerDelegate.m */; };
		027B252C1B0BC01000C5E43F /* CircleTransitionAnimator.m in Sources */ = {isa = PBXBuildFile; fileRef = 027B252B1B0BC01000C5E43F /* CircleTransitionAnimator.m */; };
		028F4ABD1AD7FD5700C63973 /* main.m in Sources */ = {isa = PBXBuildFile; fileRef = 028F4ABC1AD7FD5700C63973 /* main.m */; };
		028F4AC01AD7FD5700C63973 /* AppDelegate.m in Sources */ = {isa = PBXBuildFile; fileRef = 028F4ABF1AD7FD5700C63973 /* AppDelegate.m */; };
		028F4AC61AD7FD5700C63973 /* Main.storyboard in Resources */ = {isa = PBXBuildFile; fileRef = 028F4AC41AD7FD5700C63973 /* Main.storyboard */; };
		028F4AC81AD7FD5700C63973 /* Images.xcassets in Resources */ = {isa = PBXBuildFile; fileRef = 028F4AC71AD7FD5700C63973 /* Images.xcassets */; };
		028F4ACB1AD7FD5700C63973 /* LaunchScreen.xib in Resources */ = {isa = PBXBuildFile; fileRef = 028F4AC91AD7FD5700C63973 /* LaunchScreen.xib */; };
		029041501B0602BC00B2B41E /* AddGalleryCollectionViewController.m in Sources */ = {isa = PBXBuildFile; fileRef = 0290414F1B0602BC00B2B41E /* AddGalleryCollectionViewController.m */; };
		029041531B0605FA00B2B41E /* GalleryCollectionViewCell.m in Sources */ = {isa = PBXBuildFile; fileRef = 029041521B0605FA00B2B41E /* GalleryCollectionViewCell.m */; };
		029041561B06155E00B2B41E /* GalleryCollectionReusableView.m in Sources */ = {isa = PBXBuildFile; fileRef = 029041551B06155E00B2B41E /* GalleryCollectionReusableView.m */; };
		0290415F1B064D1200B2B41E /* GalleryCollectionViewController.m in Sources */ = {isa = PBXBuildFile; fileRef = 0290415E1B064D1200B2B41E /* GalleryCollectionViewController.m */; };
		029041631B065DAC00B2B41E /* GalleryFetcher.m in Sources */ = {isa = PBXBuildFile; fileRef = 029041621B065DAC00B2B41E /* GalleryFetcher.m */; };
		08038EB31B0668CF0042955B /* Accounts.framework in Frameworks */ = {isa = PBXBuildFile; fileRef = 08038EB21B0668CF0042955B /* Accounts.framework */; };
		08038EB51B0668D70042955B /* Social.framework in Frameworks */ = {isa = PBXBuildFile; fileRef = 08038EB41B0668D70042955B /* Social.framework */; };
		08038EB81B0669460042955B /* LoginController.m in Sources */ = {isa = PBXBuildFile; fileRef = 08038EB71B0669460042955B /* LoginController.m */; };
		08038EBB1B067C2D0042955B /* SWRevealViewController.m in Sources */ = {isa = PBXBuildFile; fileRef = 08038EBA1B067C2D0042955B /* SWRevealViewController.m */; };
		08038EBE1B0683370042955B /* MenuViewController.m in Sources */ = {isa = PBXBuildFile; fileRef = 08038EBD1B0683370042955B /* MenuViewController.m */; };
		08038EC11B06875D0042955B /* SettingsViewController.m in Sources */ = {isa = PBXBuildFile; fileRef = 08038EC01B06875D0042955B /* SettingsViewController.m */; };
		080AB86F1B0B104A00AF027C /* LoginControllerTests.m in Sources */ = {isa = PBXBuildFile; fileRef = 080AB86E1B0B104A00AF027C /* LoginControllerTests.m */; };
		080AB8711B0B11E300AF027C /* GalleryFetcherTests.m in Sources */ = {isa = PBXBuildFile; fileRef = 080AB8701B0B11E300AF027C /* GalleryFetcherTests.m */; };
		0813F4591B1B69D700623A13 /* LocationManager.m in Sources */ = {isa = PBXBuildFile; fileRef = 0813F4581B1B69D700623A13 /* LocationManager.m */; };
		0822024D1AE2DB2500921149 /* IGCategory.m in Sources */ = {isa = PBXBuildFile; fileRef = 0822024C1AE2DB2500921149 /* IGCategory.m */; };
		082202501AE30B1700921149 /* AttractionCell.m in Sources */ = {isa = PBXBuildFile; fileRef = 0822024F1AE30B1700921149 /* AttractionCell.m */; };
		084458FB1B23461100EC3D6C /* MapKit.framework in Frameworks */ = {isa = PBXBuildFile; fileRef = 084458FA1B23461100EC3D6C /* MapKit.framework */; };
		084458FE1B2346DD00EC3D6C /* MapViewController.m in Sources */ = {isa = PBXBuildFile; fileRef = 084458FD1B2346DD00EC3D6C /* MapViewController.m */; };
		084459011B235EFD00EC3D6C /* MapEditViewController.m in Sources */ = {isa = PBXBuildFile; fileRef = 084459001B235EFD00EC3D6C /* MapEditViewController.m */; };
		084459041B2371DE00EC3D6C /* CALayer+XibConfiguration.m in Sources */ = {isa = PBXBuildFile; fileRef = 084459031B2371DE00EC3D6C /* CALayer+XibConfiguration.m */; };
		085872511AE1455400DA97AD /* CategorySwitcherTableCell.xib in Resources */ = {isa = PBXBuildFile; fileRef = 085872501AE1455400DA97AD /* CategorySwitcherTableCell.xib */; };
		085872541AE1457900DA97AD /* CategorySwitcherTableCell.m in Sources */ = {isa = PBXBuildFile; fileRef = 085872531AE1457900DA97AD /* CategorySwitcherTableCell.m */; };
		0887DB061B08B5AC00F2E7F6 /* IGCategoryTests.m in Sources */ = {isa = PBXBuildFile; fileRef = 0887DB051B08B5AC00F2E7F6 /* IGCategoryTests.m */; };
		0887DB081B08BC0900F2E7F6 /* Parse.framework in Frameworks */ = {isa = PBXBuildFile; fileRef = 0887DB071B08BC0900F2E7F6 /* Parse.framework */; };
		0887DB091B08BC0900F2E7F6 /* Parse.framework in Frameworks */ = {isa = PBXBuildFile; fileRef = 0887DB071B08BC0900F2E7F6 /* Parse.framework */; };
		0887DB0B1B08BF7100F2E7F6 /* libOCMock.a in Frameworks */ = {isa = PBXBuildFile; fileRef = 0887DB0A1B08BF7100F2E7F6 /* libOCMock.a */; };
		0887DB0C1B08C2A500F2E7F6 /* libsqlite3.0.dylib in Frameworks */ = {isa = PBXBuildFile; fileRef = 0211961E1AE0065D00C367C6 /* libsqlite3.0.dylib */; };
		0887DB0E1B08C2C600F2E7F6 /* libz.dylib in Frameworks */ = {isa = PBXBuildFile; fileRef = 0887DB0D1B08C2C600F2E7F6 /* libz.dylib */; };
		0887DB0F1B08C2CF00F2E7F6 /* SystemConfiguration.framework in Frameworks */ = {isa = PBXBuildFile; fileRef = 021196021AE0032F00C367C6 /* SystemConfiguration.framework */; };
		0887DB111B08C2D700F2E7F6 /* StoreKit.framework in Frameworks */ = {isa = PBXBuildFile; fileRef = 0887DB101B08C2D700F2E7F6 /* StoreKit.framework */; };
		0887DB121B08C2DD00F2E7F6 /* Security.framework in Frameworks */ = {isa = PBXBuildFile; fileRef = 021196061AE0034000C367C6 /* Security.framework */; };
		0887DB131B08C2E200F2E7F6 /* QuartzCore.framework in Frameworks */ = {isa = PBXBuildFile; fileRef = 021196081AE0034700C367C6 /* QuartzCore.framework */; };
		0887DB141B08C2EA00F2E7F6 /* MobileCoreServices.framework in Frameworks */ = {isa = PBXBuildFile; fileRef = 021196001AE0031D00C367C6 /* MobileCoreServices.framework */; };
		0887DB151B08C2F100F2E7F6 /* CoreLocation.framework in Frameworks */ = {isa = PBXBuildFile; fileRef = 0211960C1AE0035800C367C6 /* CoreLocation.framework */; };
		0887DB161B08C2FA00F2E7F6 /* CoreGraphics.framework in Frameworks */ = {isa = PBXBuildFile; fileRef = 0211960E1AE0035E00C367C6 /* CoreGraphics.framework */; };
		0887DB171B08C30200F2E7F6 /* CFNetwork.framework in Frameworks */ = {isa = PBXBuildFile; fileRef = 021196101AE0036500C367C6 /* CFNetwork.framework */; };
		0887DB181B08C30A00F2E7F6 /* AudioToolbox.framework in Frameworks */ = {isa = PBXBuildFile; fileRef = 021196121AE0036B00C367C6 /* AudioToolbox.framework */; };
		0887DB191B08C31100F2E7F6 /* Social.framework in Frameworks */ = {isa = PBXBuildFile; fileRef = 08038EB41B0668D70042955B /* Social.framework */; };
		0887DB1A1B08C31B00F2E7F6 /* Accounts.framework in Frameworks */ = {isa = PBXBuildFile; fileRef = 08038EB21B0668CF0042955B /* Accounts.framework */; };
		0887DB1C1B0900AE00F2E7F6 /* IGReviewTests.m in Sources */ = {isa = PBXBuildFile; fileRef = 0887DB1B1B0900AE00F2E7F6 /* IGReviewTests.m */; };
		0887DB1E1B09113A00F2E7F6 /* IGAttractionTests.m in Sources */ = {isa = PBXBuildFile; fileRef = 0887DB1D1B09113A00F2E7F6 /* IGAttractionTests.m */; };
		089486121AE169D600B966E2 /* Bolts.framework in Frameworks */ = {isa = PBXBuildFile; fileRef = 0894860F1AE169D600B966E2 /* Bolts.framework */; };
		089486141AE169D600B966E2 /* ParseUI.framework in Frameworks */ = {isa = PBXBuildFile; fileRef = 089486111AE169D600B966E2 /* ParseUI.framework */; };
		08C7E10B1B074D63006DEEFC /* MBProgressHUD.m in Sources */ = {isa = PBXBuildFile; fileRef = 08C7E10A1B074D63006DEEFC /* MBProgressHUD.m */; };
		08C80D601AE3C2D10033296F /* PageViewController.m in Sources */ = {isa = PBXBuildFile; fileRef = 08C80D5F1AE3C2D10033296F /* PageViewController.m */; };
		08C80D661AE3C3D20033296F /* AttractionDetailsViewController.m in Sources */ = {isa = PBXBuildFile; fileRef = 08C80D651AE3C3D20033296F /* AttractionDetailsViewController.m */; };
		08C80D691AE3C4D60033296F /* AttractionDescriptionViewController.m in Sources */ = {isa = PBXBuildFile; fileRef = 08C80D681AE3C4D60033296F /* AttractionDescriptionViewController.m */; };
		08C80D6C1AE3C4E70033296F /* AttractionReviewsViewController.m in Sources */ = {isa = PBXBuildFile; fileRef = 08C80D6B1AE3C4E70033296F /* AttractionReviewsViewController.m */; };
		08C80D6F1AE3DC120033296F /* ReviewCell.m in Sources */ = {isa = PBXBuildFile; fileRef = 08C80D6E1AE3DC120033296F /* ReviewCell.m */; };
		08C80D721AE3DDD40033296F /* IGReview.m in Sources */ = {isa = PBXBuildFile; fileRef = 08C80D711AE3DDD40033296F /* IGReview.m */; };
		08C80D781AE3F4650033296F /* ASStarRatingView.m in Sources */ = {isa = PBXBuildFile; fileRef = 08C80D771AE3F4650033296F /* ASStarRatingView.m */; };
		08D791B61AE6BDBF00E18B8C /* IGAttraction.m in Sources */ = {isa = PBXBuildFile; fileRef = 08D791B51AE6BDBF00E18B8C /* IGAttraction.m */; };
		08EA25D21B0C797000ED6EC5 /* MyPFLoginViewController.m in Sources */ = {isa = PBXBuildFile; fileRef = 08EA25D11B0C797000ED6EC5 /* MyPFLoginViewController.m */; };
		08EA25D51B0C7BDD00ED6EC5 /* MyPFSingUpViewController.m in Sources */ = {isa = PBXBuildFile; fileRef = 08EA25D41B0C7BDD00ED6EC5 /* MyPFSingUpViewController.m */; };
/* End PBXBuildFile section */

/* Begin PBXContainerItemProxy section */
		028F4AD11AD7FD5700C63973 /* PBXContainerItemProxy */ = {
			isa = PBXContainerItemProxy;
			containerPortal = 028F4AAF1AD7FD5700C63973 /* Project object */;
			proxyType = 1;
			remoteGlobalIDString = 028F4AB61AD7FD5700C63973;
			remoteInfo = IntelliGuide;
		};
/* End PBXContainerItemProxy section */

/* Begin PBXFileReference section */
		021195F71ADFF32D00C367C6 /* AttractionsTableViewController.h */ = {isa = PBXFileReference; fileEncoding = 4; lastKnownFileType = sourcecode.c.h; path = AttractionsTableViewController.h; sourceTree = "<group>"; };
		021195F81ADFF32D00C367C6 /* AttractionsTableViewController.m */ = {isa = PBXFileReference; fileEncoding = 4; lastKnownFileType = sourcecode.c.objc; path = AttractionsTableViewController.m; sourceTree = "<group>"; };
		021195FA1ADFF36000C367C6 /* PreferencesViewController.h */ = {isa = PBXFileReference; fileEncoding = 4; lastKnownFileType = sourcecode.c.h; path = PreferencesViewController.h; sourceTree = "<group>"; };
		021195FB1ADFF36000C367C6 /* PreferencesViewController.m */ = {isa = PBXFileReference; fileEncoding = 4; lastKnownFileType = sourcecode.c.objc; path = PreferencesViewController.m; sourceTree = "<group>"; };
		021196001AE0031D00C367C6 /* MobileCoreServices.framework */ = {isa = PBXFileReference; lastKnownFileType = wrapper.framework; name = MobileCoreServices.framework; path = System/Library/Frameworks/MobileCoreServices.framework; sourceTree = SDKROOT; };
		021196021AE0032F00C367C6 /* SystemConfiguration.framework */ = {isa = PBXFileReference; lastKnownFileType = wrapper.framework; name = SystemConfiguration.framework; path = System/Library/Frameworks/SystemConfiguration.framework; sourceTree = SDKROOT; };
		021196061AE0034000C367C6 /* Security.framework */ = {isa = PBXFileReference; lastKnownFileType = wrapper.framework; name = Security.framework; path = System/Library/Frameworks/Security.framework; sourceTree = SDKROOT; };
		021196081AE0034700C367C6 /* QuartzCore.framework */ = {isa = PBXFileReference; lastKnownFileType = wrapper.framework; name = QuartzCore.framework; path = System/Library/Frameworks/QuartzCore.framework; sourceTree = SDKROOT; };
		0211960A1AE0035100C367C6 /* libz.1.1.3.dylib */ = {isa = PBXFileReference; lastKnownFileType = "compiled.mach-o.dylib"; name = libz.1.1.3.dylib; path = usr/lib/libz.1.1.3.dylib; sourceTree = SDKROOT; };
		0211960C1AE0035800C367C6 /* CoreLocation.framework */ = {isa = PBXFileReference; lastKnownFileType = wrapper.framework; name = CoreLocation.framework; path = System/Library/Frameworks/CoreLocation.framework; sourceTree = SDKROOT; };
		0211960E1AE0035E00C367C6 /* CoreGraphics.framework */ = {isa = PBXFileReference; lastKnownFileType = wrapper.framework; name = CoreGraphics.framework; path = System/Library/Frameworks/CoreGraphics.framework; sourceTree = SDKROOT; };
		021196101AE0036500C367C6 /* CFNetwork.framework */ = {isa = PBXFileReference; lastKnownFileType = wrapper.framework; name = CFNetwork.framework; path = System/Library/Frameworks/CFNetwork.framework; sourceTree = SDKROOT; };
		021196121AE0036B00C367C6 /* AudioToolbox.framework */ = {isa = PBXFileReference; lastKnownFileType = wrapper.framework; name = AudioToolbox.framework; path = System/Library/Frameworks/AudioToolbox.framework; sourceTree = SDKROOT; };
		021196141AE0037300C367C6 /* UIKit.framework */ = {isa = PBXFileReference; lastKnownFileType = wrapper.framework; name = UIKit.framework; path = System/Library/Frameworks/UIKit.framework; sourceTree = SDKROOT; };
		021196161AE0037A00C367C6 /* Foundation.framework */ = {isa = PBXFileReference; lastKnownFileType = wrapper.framework; name = Foundation.framework; path = System/Library/Frameworks/Foundation.framework; sourceTree = SDKROOT; };
		0211961E1AE0065D00C367C6 /* libsqlite3.0.dylib */ = {isa = PBXFileReference; lastKnownFileType = "compiled.mach-o.dylib"; name = libsqlite3.0.dylib; path = usr/lib/libsqlite3.0.dylib; sourceTree = SDKROOT; };
		021E59151AE40BF30003B6B7 /* CategoryPickerTableViewController.h */ = {isa = PBXFileReference; fileEncoding = 4; lastKnownFileType = sourcecode.c.h; path = CategoryPickerTableViewController.h; sourceTree = "<group>"; };
		021E59161AE40BF30003B6B7 /* CategoryPickerTableViewController.m */ = {isa = PBXFileReference; fileEncoding = 4; lastKnownFileType = sourcecode.c.objc; path = CategoryPickerTableViewController.m; sourceTree = "<group>"; };
		021E59181AE411260003B6B7 /* NewAttractionViewController.h */ = {isa = PBXFileReference; fileEncoding = 4; lastKnownFileType = sourcecode.c.h; path = NewAttractionViewController.h; sourceTree = "<group>"; };
		021E59191AE411260003B6B7 /* NewAttractionViewController.m */ = {isa = PBXFileReference; fileEncoding = 4; lastKnownFileType = sourcecode.c.objc; path = NewAttractionViewController.m; sourceTree = "<group>"; };
		0230BA6B1B024E2C00B14A6B /* NewReviewViewController.h */ = {isa = PBXFileReference; fileEncoding = 4; lastKnownFileType = sourcecode.c.h; path = NewReviewViewController.h; sourceTree = "<group>"; };
		0230BA6C1B024E2C00B14A6B /* NewReviewViewController.m */ = {isa = PBXFileReference; fileEncoding = 4; lastKnownFileType = sourcecode.c.objc; path = NewReviewViewController.m; sourceTree = "<group>"; };
		0239ED3F1B2B51A400E70E1A /* CustomRefresh.h */ = {isa = PBXFileReference; fileEncoding = 4; lastKnownFileType = sourcecode.c.h; path = CustomRefresh.h; sourceTree = "<group>"; };
		0239ED401B2B51A400E70E1A /* CustomRefresh.m */ = {isa = PBXFileReference; fileEncoding = 4; lastKnownFileType = sourcecode.c.objc; path = CustomRefresh.m; sourceTree = "<group>"; };
		0239ED421B2B564F00E70E1A /* RefreshContents.xib */ = {isa = PBXFileReference; fileEncoding = 4; lastKnownFileType = file.xib; path = RefreshContents.xib; sourceTree = "<group>"; };
		025970591B0930A8006E5413 /* AttractionCellTests.m */ = {isa = PBXFileReference; fileEncoding = 4; lastKnownFileType = sourcecode.c.objc; path = AttractionCellTests.m; sourceTree = "<group>"; };
		0259705B1B0936B5006E5413 /* ReviewCellTests.m */ = {isa = PBXFileReference; fileEncoding = 4; lastKnownFileType = sourcecode.c.objc; path = ReviewCellTests.m; sourceTree = "<group>"; };
		0259705D1B093F1A006E5413 /* GalleryCollectionViewCellTests.m */ = {isa = PBXFileReference; fileEncoding = 4; lastKnownFileType = sourcecode.c.objc; path = GalleryCollectionViewCellTests.m; sourceTree = "<group>"; };
		0259705F1B094108006E5413 /* GalleryCollectionReusableViewTest.m */ = {isa = PBXFileReference; fileEncoding = 4; lastKnownFileType = sourcecode.c.objc; path = GalleryCollectionReusableViewTest.m; sourceTree = "<group>"; };
		025970611B094481006E5413 /* CategorySwitcherTableCellTests.m */ = {isa = PBXFileReference; fileEncoding = 4; lastKnownFileType = sourcecode.c.objc; path = CategorySwitcherTableCellTests.m; sourceTree = "<group>"; };
		027B25241B0BB7B100C5E43F /* PresentPhotoViewController.h */ = {isa = PBXFileReference; fileEncoding = 4; lastKnownFileType = sourcecode.c.h; path = PresentPhotoViewController.h; sourceTree = "<group>"; };
		027B25251B0BB7B100C5E43F /* PresentPhotoViewController.m */ = {isa = PBXFileReference; fileEncoding = 4; lastKnownFileType = sourcecode.c.objc; path = PresentPhotoViewController.m; sourceTree = "<group>"; };
		027B25271B0BBE6E00C5E43F /* NavigationControllerDelegate.h */ = {isa = PBXFileReference; fileEncoding = 4; lastKnownFileType = sourcecode.c.h; path = NavigationControllerDelegate.h; sourceTree = "<group>"; };
		027B25281B0BBE6E00C5E43F /* NavigationControllerDelegate.m */ = {isa = PBXFileReference; fileEncoding = 4; lastKnownFileType = sourcecode.c.objc; path = NavigationControllerDelegate.m; sourceTree = "<group>"; };
		027B252A1B0BC01000C5E43F /* CircleTransitionAnimator.h */ = {isa = PBXFileReference; fileEncoding = 4; lastKnownFileType = sourcecode.c.h; path = CircleTransitionAnimator.h; sourceTree = "<group>"; };
		027B252B1B0BC01000C5E43F /* CircleTransitionAnimator.m */ = {isa = PBXFileReference; fileEncoding = 4; lastKnownFileType = sourcecode.c.objc; path = CircleTransitionAnimator.m; sourceTree = "<group>"; };
		028F4AB71AD7FD5700C63973 /* IntelliGuide.app */ = {isa = PBXFileReference; explicitFileType = wrapper.application; includeInIndex = 0; path = IntelliGuide.app; sourceTree = BUILT_PRODUCTS_DIR; };
		028F4ABB1AD7FD5700C63973 /* Info.plist */ = {isa = PBXFileReference; lastKnownFileType = text.plist.xml; path = Info.plist; sourceTree = "<group>"; };
		028F4ABC1AD7FD5700C63973 /* main.m */ = {isa = PBXFileReference; lastKnownFileType = sourcecode.c.objc; path = main.m; sourceTree = "<group>"; };
		028F4ABE1AD7FD5700C63973 /* AppDelegate.h */ = {isa = PBXFileReference; lastKnownFileType = sourcecode.c.h; path = AppDelegate.h; sourceTree = "<group>"; };
		028F4ABF1AD7FD5700C63973 /* AppDelegate.m */ = {isa = PBXFileReference; lastKnownFileType = sourcecode.c.objc; path = AppDelegate.m; sourceTree = "<group>"; };
		028F4AC51AD7FD5700C63973 /* Base */ = {isa = PBXFileReference; lastKnownFileType = file.storyboard; name = Base; path = Base.lproj/Main.storyboard; sourceTree = "<group>"; };
		028F4AC71AD7FD5700C63973 /* Images.xcassets */ = {isa = PBXFileReference; lastKnownFileType = folder.assetcatalog; path = Images.xcassets; sourceTree = "<group>"; };
		028F4ACA1AD7FD5700C63973 /* Base */ = {isa = PBXFileReference; lastKnownFileType = file.xib; name = Base; path = Base.lproj/LaunchScreen.xib; sourceTree = "<group>"; };
		028F4AD01AD7FD5700C63973 /* IntelliGuideTests.xctest */ = {isa = PBXFileReference; explicitFileType = wrapper.cfbundle; includeInIndex = 0; path = IntelliGuideTests.xctest; sourceTree = BUILT_PRODUCTS_DIR; };
		028F4AD51AD7FD5700C63973 /* Info.plist */ = {isa = PBXFileReference; lastKnownFileType = text.plist.xml; path = Info.plist; sourceTree = "<group>"; };
		0290414E1B0602BC00B2B41E /* AddGalleryCollectionViewController.h */ = {isa = PBXFileReference; fileEncoding = 4; lastKnownFileType = sourcecode.c.h; name = AddGalleryCollectionViewController.h; path = ../AddGalleryCollectionViewController.h; sourceTree = "<group>"; };
		0290414F1B0602BC00B2B41E /* AddGalleryCollectionViewController.m */ = {isa = PBXFileReference; fileEncoding = 4; lastKnownFileType = sourcecode.c.objc; name = AddGalleryCollectionViewController.m; path = ../AddGalleryCollectionViewController.m; sourceTree = "<group>"; };
		029041511B0605FA00B2B41E /* GalleryCollectionViewCell.h */ = {isa = PBXFileReference; fileEncoding = 4; lastKnownFileType = sourcecode.c.h; path = GalleryCollectionViewCell.h; sourceTree = "<group>"; };
		029041521B0605FA00B2B41E /* GalleryCollectionViewCell.m */ = {isa = PBXFileReference; fileEncoding = 4; lastKnownFileType = sourcecode.c.objc; path = GalleryCollectionViewCell.m; sourceTree = "<group>"; };
		029041541B06155E00B2B41E /* GalleryCollectionReusableView.h */ = {isa = PBXFileReference; fileEncoding = 4; lastKnownFileType = sourcecode.c.h; path = GalleryCollectionReusableView.h; sourceTree = "<group>"; };
		029041551B06155E00B2B41E /* GalleryCollectionReusableView.m */ = {isa = PBXFileReference; fileEncoding = 4; lastKnownFileType = sourcecode.c.objc; path = GalleryCollectionReusableView.m; sourceTree = "<group>"; };
		0290415D1B064D1200B2B41E /* GalleryCollectionViewController.h */ = {isa = PBXFileReference; fileEncoding = 4; lastKnownFileType = sourcecode.c.h; path = GalleryCollectionViewController.h; sourceTree = "<group>"; };
		0290415E1B064D1200B2B41E /* GalleryCollectionViewController.m */ = {isa = PBXFileReference; fileEncoding = 4; lastKnownFileType = sourcecode.c.objc; path = GalleryCollectionViewController.m; sourceTree = "<group>"; };
		029041611B065DAC00B2B41E /* GalleryFetcher.h */ = {isa = PBXFileReference; fileEncoding = 4; lastKnownFileType = sourcecode.c.h; path = GalleryFetcher.h; sourceTree = "<group>"; };
		029041621B065DAC00B2B41E /* GalleryFetcher.m */ = {isa = PBXFileReference; fileEncoding = 4; lastKnownFileType = sourcecode.c.objc; path = GalleryFetcher.m; sourceTree = "<group>"; };
		08038EB21B0668CF0042955B /* Accounts.framework */ = {isa = PBXFileReference; lastKnownFileType = wrapper.framework; name = Accounts.framework; path = System/Library/Frameworks/Accounts.framework; sourceTree = SDKROOT; };
		08038EB41B0668D70042955B /* Social.framework */ = {isa = PBXFileReference; lastKnownFileType = wrapper.framework; name = Social.framework; path = System/Library/Frameworks/Social.framework; sourceTree = SDKROOT; };
		08038EB61B0669460042955B /* LoginController.h */ = {isa = PBXFileReference; fileEncoding = 4; lastKnownFileType = sourcecode.c.h; path = LoginController.h; sourceTree = "<group>"; };
		08038EB71B0669460042955B /* LoginController.m */ = {isa = PBXFileReference; fileEncoding = 4; lastKnownFileType = sourcecode.c.objc; path = LoginController.m; sourceTree = "<group>"; };
		08038EB91B067C2D0042955B /* SWRevealViewController.h */ = {isa = PBXFileReference; fileEncoding = 4; lastKnownFileType = sourcecode.c.h; path = SWRevealViewController.h; sourceTree = "<group>"; };
		08038EBA1B067C2D0042955B /* SWRevealViewController.m */ = {isa = PBXFileReference; fileEncoding = 4; lastKnownFileType = sourcecode.c.objc; path = SWRevealViewController.m; sourceTree = "<group>"; };
		08038EBC1B0683370042955B /* MenuViewController.h */ = {isa = PBXFileReference; fileEncoding = 4; lastKnownFileType = sourcecode.c.h; path = MenuViewController.h; sourceTree = "<group>"; };
		08038EBD1B0683370042955B /* MenuViewController.m */ = {isa = PBXFileReference; fileEncoding = 4; lastKnownFileType = sourcecode.c.objc; path = MenuViewController.m; sourceTree = "<group>"; };
		08038EBF1B06875D0042955B /* SettingsViewController.h */ = {isa = PBXFileReference; fileEncoding = 4; lastKnownFileType = sourcecode.c.h; path = SettingsViewController.h; sourceTree = "<group>"; };
		08038EC01B06875D0042955B /* SettingsViewController.m */ = {isa = PBXFileReference; fileEncoding = 4; lastKnownFileType = sourcecode.c.objc; path = SettingsViewController.m; sourceTree = "<group>"; };
		080AB86E1B0B104A00AF027C /* LoginControllerTests.m */ = {isa = PBXFileReference; fileEncoding = 4; lastKnownFileType = sourcecode.c.objc; path = LoginControllerTests.m; sourceTree = "<group>"; };
		080AB8701B0B11E300AF027C /* GalleryFetcherTests.m */ = {isa = PBXFileReference; fileEncoding = 4; lastKnownFileType = sourcecode.c.objc; path = GalleryFetcherTests.m; sourceTree = "<group>"; };
		0813F4571B1B69D700623A13 /* LocationManager.h */ = {isa = PBXFileReference; fileEncoding = 4; lastKnownFileType = sourcecode.c.h; path = LocationManager.h; sourceTree = "<group>"; };
		0813F4581B1B69D700623A13 /* LocationManager.m */ = {isa = PBXFileReference; fileEncoding = 4; lastKnownFileType = sourcecode.c.objc; path = LocationManager.m; sourceTree = "<group>"; };
		0822024B1AE2DB2500921149 /* IGCategory.h */ = {isa = PBXFileReference; fileEncoding = 4; lastKnownFileType = sourcecode.c.h; path = IGCategory.h; sourceTree = "<group>"; };
		0822024C1AE2DB2500921149 /* IGCategory.m */ = {isa = PBXFileReference; fileEncoding = 4; lastKnownFileType = sourcecode.c.objc; path = IGCategory.m; sourceTree = "<group>"; };
		0822024E1AE30B1700921149 /* AttractionCell.h */ = {isa = PBXFileReference; fileEncoding = 4; lastKnownFileType = sourcecode.c.h; path = AttractionCell.h; sourceTree = "<group>"; };
		0822024F1AE30B1700921149 /* AttractionCell.m */ = {isa = PBXFileReference; fileEncoding = 4; lastKnownFileType = sourcecode.c.objc; path = AttractionCell.m; sourceTree = "<group>"; };
		084458FA1B23461100EC3D6C /* MapKit.framework */ = {isa = PBXFileReference; lastKnownFileType = wrapper.framework; name = MapKit.framework; path = System/Library/Frameworks/MapKit.framework; sourceTree = SDKROOT; };
		084458FC1B2346DD00EC3D6C /* MapViewController.h */ = {isa = PBXFileReference; fileEncoding = 4; lastKnownFileType = sourcecode.c.h; path = MapViewController.h; sourceTree = "<group>"; };
		084458FD1B2346DD00EC3D6C /* MapViewController.m */ = {isa = PBXFileReference; fileEncoding = 4; lastKnownFileType = sourcecode.c.objc; path = MapViewController.m; sourceTree = "<group>"; };
		084458FF1B235EFD00EC3D6C /* MapEditViewController.h */ = {isa = PBXFileReference; fileEncoding = 4; lastKnownFileType = sourcecode.c.h; path = MapEditViewController.h; sourceTree = "<group>"; };
		084459001B235EFD00EC3D6C /* MapEditViewController.m */ = {isa = PBXFileReference; fileEncoding = 4; lastKnownFileType = sourcecode.c.objc; path = MapEditViewController.m; sourceTree = "<group>"; };
		084459021B2371DE00EC3D6C /* CALayer+XibConfiguration.h */ = {isa = PBXFileReference; fileEncoding = 4; lastKnownFileType = sourcecode.c.h; path = "CALayer+XibConfiguration.h"; sourceTree = "<group>"; };
		084459031B2371DE00EC3D6C /* CALayer+XibConfiguration.m */ = {isa = PBXFileReference; fileEncoding = 4; lastKnownFileType = sourcecode.c.objc; path = "CALayer+XibConfiguration.m"; sourceTree = "<group>"; };
		085872501AE1455400DA97AD /* CategorySwitcherTableCell.xib */ = {isa = PBXFileReference; fileEncoding = 4; lastKnownFileType = file.xib; path = CategorySwitcherTableCell.xib; sourceTree = "<group>"; };
		085872521AE1457900DA97AD /* CategorySwitcherTableCell.h */ = {isa = PBXFileReference; fileEncoding = 4; lastKnownFileType = sourcecode.c.h; path = CategorySwitcherTableCell.h; sourceTree = "<group>"; };
		085872531AE1457900DA97AD /* CategorySwitcherTableCell.m */ = {isa = PBXFileReference; fileEncoding = 4; lastKnownFileType = sourcecode.c.objc; path = CategorySwitcherTableCell.m; sourceTree = "<group>"; };
		0887DB051B08B5AC00F2E7F6 /* IGCategoryTests.m */ = {isa = PBXFileReference; fileEncoding = 4; lastKnownFileType = sourcecode.c.objc; path = IGCategoryTests.m; sourceTree = "<group>"; };
		0887DB071B08BC0900F2E7F6 /* Parse.framework */ = {isa = PBXFileReference; lastKnownFileType = wrapper.framework; path = Parse.framework; sourceTree = "<group>"; };
		0887DB0A1B08BF7100F2E7F6 /* libOCMock.a */ = {isa = PBXFileReference; lastKnownFileType = archive.ar; name = libOCMock.a; path = usr/lib/libOCMock.a; sourceTree = "<group>"; };
		0887DB0D1B08C2C600F2E7F6 /* libz.dylib */ = {isa = PBXFileReference; lastKnownFileType = "compiled.mach-o.dylib"; name = libz.dylib; path = usr/lib/libz.dylib; sourceTree = SDKROOT; };
		0887DB101B08C2D700F2E7F6 /* StoreKit.framework */ = {isa = PBXFileReference; lastKnownFileType = wrapper.framework; name = StoreKit.framework; path = System/Library/Frameworks/StoreKit.framework; sourceTree = SDKROOT; };
		0887DB1B1B0900AE00F2E7F6 /* IGReviewTests.m */ = {isa = PBXFileReference; fileEncoding = 4; lastKnownFileType = sourcecode.c.objc; path = IGReviewTests.m; sourceTree = "<group>"; };
		0887DB1D1B09113A00F2E7F6 /* IGAttractionTests.m */ = {isa = PBXFileReference; fileEncoding = 4; lastKnownFileType = sourcecode.c.objc; path = IGAttractionTests.m; sourceTree = "<group>"; };
		0894860F1AE169D600B966E2 /* Bolts.framework */ = {isa = PBXFileReference; lastKnownFileType = wrapper.framework; path = Bolts.framework; sourceTree = "<group>"; };
		089486111AE169D600B966E2 /* ParseUI.framework */ = {isa = PBXFileReference; lastKnownFileType = wrapper.framework; path = ParseUI.framework; sourceTree = "<group>"; };
		08C7E1091B074D63006DEEFC /* MBProgressHUD.h */ = {isa = PBXFileReference; fileEncoding = 4; lastKnownFileType = sourcecode.c.h; path = MBProgressHUD.h; sourceTree = "<group>"; };
		08C7E10A1B074D63006DEEFC /* MBProgressHUD.m */ = {isa = PBXFileReference; fileEncoding = 4; lastKnownFileType = sourcecode.c.objc; path = MBProgressHUD.m; sourceTree = "<group>"; };
		08C80D5E1AE3C2D10033296F /* PageViewController.h */ = {isa = PBXFileReference; fileEncoding = 4; lastKnownFileType = sourcecode.c.h; path = PageViewController.h; sourceTree = "<group>"; };
		08C80D5F1AE3C2D10033296F /* PageViewController.m */ = {isa = PBXFileReference; fileEncoding = 4; lastKnownFileType = sourcecode.c.objc; path = PageViewController.m; sourceTree = "<group>"; };
		08C80D641AE3C3D20033296F /* AttractionDetailsViewController.h */ = {isa = PBXFileReference; fileEncoding = 4; lastKnownFileType = sourcecode.c.h; path = AttractionDetailsViewController.h; sourceTree = "<group>"; };
		08C80D651AE3C3D20033296F /* AttractionDetailsViewController.m */ = {isa = PBXFileReference; fileEncoding = 4; lastKnownFileType = sourcecode.c.objc; path = AttractionDetailsViewController.m; sourceTree = "<group>"; };
		08C80D671AE3C4D60033296F /* AttractionDescriptionViewController.h */ = {isa = PBXFileReference; fileEncoding = 4; lastKnownFileType = sourcecode.c.h; path = AttractionDescriptionViewController.h; sourceTree = "<group>"; };
		08C80D681AE3C4D60033296F /* AttractionDescriptionViewController.m */ = {isa = PBXFileReference; fileEncoding = 4; lastKnownFileType = sourcecode.c.objc; path = AttractionDescriptionViewController.m; sourceTree = "<group>"; };
		08C80D6A1AE3C4E70033296F /* AttractionReviewsViewController.h */ = {isa = PBXFileReference; fileEncoding = 4; lastKnownFileType = sourcecode.c.h; path = AttractionReviewsViewController.h; sourceTree = "<group>"; };
		08C80D6B1AE3C4E70033296F /* AttractionReviewsViewController.m */ = {isa = PBXFileReference; fileEncoding = 4; lastKnownFileType = sourcecode.c.objc; path = AttractionReviewsViewController.m; sourceTree = "<group>"; };
		08C80D6D1AE3DC120033296F /* ReviewCell.h */ = {isa = PBXFileReference; fileEncoding = 4; lastKnownFileType = sourcecode.c.h; path = ReviewCell.h; sourceTree = "<group>"; };
		08C80D6E1AE3DC120033296F /* ReviewCell.m */ = {isa = PBXFileReference; fileEncoding = 4; lastKnownFileType = sourcecode.c.objc; path = ReviewCell.m; sourceTree = "<group>"; };
		08C80D701AE3DDD40033296F /* IGReview.h */ = {isa = PBXFileReference; fileEncoding = 4; lastKnownFileType = sourcecode.c.h; path = IGReview.h; sourceTree = "<group>"; };
		08C80D711AE3DDD40033296F /* IGReview.m */ = {isa = PBXFileReference; fileEncoding = 4; lastKnownFileType = sourcecode.c.objc; path = IGReview.m; sourceTree = "<group>"; };
		08C80D761AE3F4650033296F /* ASStarRatingView.h */ = {isa = PBXFileReference; fileEncoding = 4; lastKnownFileType = sourcecode.c.h; path = ASStarRatingView.h; sourceTree = "<group>"; };
		08C80D771AE3F4650033296F /* ASStarRatingView.m */ = {isa = PBXFileReference; fileEncoding = 4; lastKnownFileType = sourcecode.c.objc; path = ASStarRatingView.m; sourceTree = "<group>"; };
		08D791B41AE6BDBF00E18B8C /* IGAttraction.h */ = {isa = PBXFileReference; fileEncoding = 4; lastKnownFileType = sourcecode.c.h; path = IGAttraction.h; sourceTree = "<group>"; };
		08D791B51AE6BDBF00E18B8C /* IGAttraction.m */ = {isa = PBXFileReference; fileEncoding = 4; lastKnownFileType = sourcecode.c.objc; path = IGAttraction.m; sourceTree = "<group>"; };
		08EA25D01B0C797000ED6EC5 /* MyPFLoginViewController.h */ = {isa = PBXFileReference; fileEncoding = 4; lastKnownFileType = sourcecode.c.h; path = MyPFLoginViewController.h; sourceTree = "<group>"; };
		08EA25D11B0C797000ED6EC5 /* MyPFLoginViewController.m */ = {isa = PBXFileReference; fileEncoding = 4; lastKnownFileType = sourcecode.c.objc; path = MyPFLoginViewController.m; sourceTree = "<group>"; };
		08EA25D31B0C7BDD00ED6EC5 /* MyPFSingUpViewController.h */ = {isa = PBXFileReference; fileEncoding = 4; lastKnownFileType = sourcecode.c.h; path = MyPFSingUpViewController.h; sourceTree = "<group>"; };
		08EA25D41B0C7BDD00ED6EC5 /* MyPFSingUpViewController.m */ = {isa = PBXFileReference; fileEncoding = 4; lastKnownFileType = sourcecode.c.objc; path = MyPFSingUpViewController.m; sourceTree = "<group>"; };
/* End PBXFileReference section */

/* Begin PBXFrameworksBuildPhase section */
		028F4AB41AD7FD5700C63973 /* Frameworks */ = {
			isa = PBXFrameworksBuildPhase;
			buildActionMask = 2147483647;
			files = (
				084458FB1B23461100EC3D6C /* MapKit.framework in Frameworks */,
				08038EB51B0668D70042955B /* Social.framework in Frameworks */,
				08038EB31B0668CF0042955B /* Accounts.framework in Frameworks */,
				0211961F1AE0065D00C367C6 /* libsqlite3.0.dylib in Frameworks */,
				021196171AE0037A00C367C6 /* Foundation.framework in Frameworks */,
				021196151AE0037300C367C6 /* UIKit.framework in Frameworks */,
				021196131AE0036B00C367C6 /* AudioToolbox.framework in Frameworks */,
				0887DB081B08BC0900F2E7F6 /* Parse.framework in Frameworks */,
				021196111AE0036500C367C6 /* CFNetwork.framework in Frameworks */,
				089486141AE169D600B966E2 /* ParseUI.framework in Frameworks */,
				0211960F1AE0035E00C367C6 /* CoreGraphics.framework in Frameworks */,
				0211960D1AE0035800C367C6 /* CoreLocation.framework in Frameworks */,
				0211960B1AE0035100C367C6 /* libz.1.1.3.dylib in Frameworks */,
				021196091AE0034700C367C6 /* QuartzCore.framework in Frameworks */,
				021196071AE0034000C367C6 /* Security.framework in Frameworks */,
				021196031AE0032F00C367C6 /* SystemConfiguration.framework in Frameworks */,
				021196011AE0031D00C367C6 /* MobileCoreServices.framework in Frameworks */,
				089486121AE169D600B966E2 /* Bolts.framework in Frameworks */,
			);
			runOnlyForDeploymentPostprocessing = 0;
		};
		028F4ACD1AD7FD5700C63973 /* Frameworks */ = {
			isa = PBXFrameworksBuildPhase;
			buildActionMask = 2147483647;
			files = (
				0887DB1A1B08C31B00F2E7F6 /* Accounts.framework in Frameworks */,
				0887DB191B08C31100F2E7F6 /* Social.framework in Frameworks */,
				0887DB181B08C30A00F2E7F6 /* AudioToolbox.framework in Frameworks */,
				0887DB171B08C30200F2E7F6 /* CFNetwork.framework in Frameworks */,
				0887DB161B08C2FA00F2E7F6 /* CoreGraphics.framework in Frameworks */,
				0887DB151B08C2F100F2E7F6 /* CoreLocation.framework in Frameworks */,
				0887DB141B08C2EA00F2E7F6 /* MobileCoreServices.framework in Frameworks */,
				0887DB131B08C2E200F2E7F6 /* QuartzCore.framework in Frameworks */,
				0887DB121B08C2DD00F2E7F6 /* Security.framework in Frameworks */,
				0887DB111B08C2D700F2E7F6 /* StoreKit.framework in Frameworks */,
				0887DB0F1B08C2CF00F2E7F6 /* SystemConfiguration.framework in Frameworks */,
				0887DB0E1B08C2C600F2E7F6 /* libz.dylib in Frameworks */,
				0887DB0C1B08C2A500F2E7F6 /* libsqlite3.0.dylib in Frameworks */,
				0887DB0B1B08BF7100F2E7F6 /* libOCMock.a in Frameworks */,
				0887DB091B08BC0900F2E7F6 /* Parse.framework in Frameworks */,
			);
			runOnlyForDeploymentPostprocessing = 0;
		};
/* End PBXFrameworksBuildPhase section */

/* Begin PBXGroup section */
		021196201AE006A000C367C6 /* Frameworks */ = {
			isa = PBXGroup;
			children = (
				084458FA1B23461100EC3D6C /* MapKit.framework */,
				0887DB101B08C2D700F2E7F6 /* StoreKit.framework */,
				0887DB0D1B08C2C600F2E7F6 /* libz.dylib */,
				0887DB0A1B08BF7100F2E7F6 /* libOCMock.a */,
				08C7E1091B074D63006DEEFC /* MBProgressHUD.h */,
				08C7E10A1B074D63006DEEFC /* MBProgressHUD.m */,
				08038EB91B067C2D0042955B /* SWRevealViewController.h */,
				08038EBA1B067C2D0042955B /* SWRevealViewController.m */,
				08038EB41B0668D70042955B /* Social.framework */,
				08038EB21B0668CF0042955B /* Accounts.framework */,
				0894860F1AE169D600B966E2 /* Bolts.framework */,
				089486111AE169D600B966E2 /* ParseUI.framework */,
				0211961E1AE0065D00C367C6 /* libsqlite3.0.dylib */,
				0887DB071B08BC0900F2E7F6 /* Parse.framework */,
				021196161AE0037A00C367C6 /* Foundation.framework */,
				021196141AE0037300C367C6 /* UIKit.framework */,
				021196121AE0036B00C367C6 /* AudioToolbox.framework */,
				021196101AE0036500C367C6 /* CFNetwork.framework */,
				0211960E1AE0035E00C367C6 /* CoreGraphics.framework */,
				0211960C1AE0035800C367C6 /* CoreLocation.framework */,
				0211960A1AE0035100C367C6 /* libz.1.1.3.dylib */,
				021196081AE0034700C367C6 /* QuartzCore.framework */,
				021196061AE0034000C367C6 /* Security.framework */,
				021196021AE0032F00C367C6 /* SystemConfiguration.framework */,
				021196001AE0031D00C367C6 /* MobileCoreServices.framework */,
			);
			name = Frameworks;
			sourceTree = "<group>";
		};
		021196241AE0178000C367C6 /* ViewControllers */ = {
			isa = PBXGroup;
			children = (
				021195F71ADFF32D00C367C6 /* AttractionsTableViewController.h */,
				021195F81ADFF32D00C367C6 /* AttractionsTableViewController.m */,
				021195FA1ADFF36000C367C6 /* PreferencesViewController.h */,
				021195FB1ADFF36000C367C6 /* PreferencesViewController.m */,
				08C80D641AE3C3D20033296F /* AttractionDetailsViewController.h */,
				08C80D651AE3C3D20033296F /* AttractionDetailsViewController.m */,
				08C80D5E1AE3C2D10033296F /* PageViewController.h */,
				08C80D5F1AE3C2D10033296F /* PageViewController.m */,
				0290414E1B0602BC00B2B41E /* AddGalleryCollectionViewController.h */,
				0290414F1B0602BC00B2B41E /* AddGalleryCollectionViewController.m */,
				08C80D671AE3C4D60033296F /* AttractionDescriptionViewController.h */,
				08C80D681AE3C4D60033296F /* AttractionDescriptionViewController.m */,
				08C80D6A1AE3C4E70033296F /* AttractionReviewsViewController.h */,
				08C80D6B1AE3C4E70033296F /* AttractionReviewsViewController.m */,
				021E59151AE40BF30003B6B7 /* CategoryPickerTableViewController.h */,
				021E59161AE40BF30003B6B7 /* CategoryPickerTableViewController.m */,
				021E59181AE411260003B6B7 /* NewAttractionViewController.h */,
				021E59191AE411260003B6B7 /* NewAttractionViewController.m */,
				0230BA6B1B024E2C00B14A6B /* NewReviewViewController.h */,
				0230BA6C1B024E2C00B14A6B /* NewReviewViewController.m */,
				0290415D1B064D1200B2B41E /* GalleryCollectionViewController.h */,
				0290415E1B064D1200B2B41E /* GalleryCollectionViewController.m */,
				08038EBC1B0683370042955B /* MenuViewController.h */,
				08038EBD1B0683370042955B /* MenuViewController.m */,
				08038EBF1B06875D0042955B /* SettingsViewController.h */,
				08038EC01B06875D0042955B /* SettingsViewController.m */,
				027B25251B0BB7B100C5E43F /* PresentPhotoViewController.m */,
				084458FC1B2346DD00EC3D6C /* MapViewController.h */,
				084458FD1B2346DD00EC3D6C /* MapViewController.m */,
				027B25241B0BB7B100C5E43F /* PresentPhotoViewController.h */,
				084458FF1B235EFD00EC3D6C /* MapEditViewController.h */,
				084459001B235EFD00EC3D6C /* MapEditViewController.m */,
			);
			name = ViewControllers;
			sourceTree = "<group>";
		};
		021196251AE0178C00C367C6 /* Model */ = {
			isa = PBXGroup;
			children = (
				08D791B41AE6BDBF00E18B8C /* IGAttraction.h */,
				08D791B51AE6BDBF00E18B8C /* IGAttraction.m */,
				0822024B1AE2DB2500921149 /* IGCategory.h */,
				0822024C1AE2DB2500921149 /* IGCategory.m */,
				08C80D701AE3DDD40033296F /* IGReview.h */,
				08C80D711AE3DDD40033296F /* IGReview.m */,
			);
			name = Model;
			sourceTree = "<group>";
		};
		021196261AE0179E00C367C6 /* Views */ = {
			isa = PBXGroup;
			children = (
				085872501AE1455400DA97AD /* CategorySwitcherTableCell.xib */,
				085872521AE1457900DA97AD /* CategorySwitcherTableCell.h */,
				085872531AE1457900DA97AD /* CategorySwitcherTableCell.m */,
				0822024E1AE30B1700921149 /* AttractionCell.h */,
				0822024F1AE30B1700921149 /* AttractionCell.m */,
				029041511B0605FA00B2B41E /* GalleryCollectionViewCell.h */,
				029041521B0605FA00B2B41E /* GalleryCollectionViewCell.m */,
				08C80D6D1AE3DC120033296F /* ReviewCell.h */,
				08C80D6E1AE3DC120033296F /* ReviewCell.m */,
				08C80D761AE3F4650033296F /* ASStarRatingView.h */,
				08C80D771AE3F4650033296F /* ASStarRatingView.m */,
				029041541B06155E00B2B41E /* GalleryCollectionReusableView.h */,
				029041551B06155E00B2B41E /* GalleryCollectionReusableView.m */,
				08EA25D01B0C797000ED6EC5 /* MyPFLoginViewController.h */,
				08EA25D11B0C797000ED6EC5 /* MyPFLoginViewController.m */,
				08EA25D31B0C7BDD00ED6EC5 /* MyPFSingUpViewController.h */,
				08EA25D41B0C7BDD00ED6EC5 /* MyPFSingUpViewController.m */,
				0239ED421B2B564F00E70E1A /* RefreshContents.xib */,
				0239ED3F1B2B51A400E70E1A /* CustomRefresh.h */,
				0239ED401B2B51A400E70E1A /* CustomRefresh.m */,
			);
			name = Views;
			sourceTree = "<group>";
		};
		028F4AAE1AD7FD5700C63973 = {
			isa = PBXGroup;
			children = (
				028F4AB91AD7FD5700C63973 /* IntelliGuide */,
				021196201AE006A000C367C6 /* Frameworks */,
				028F4AD31AD7FD5700C63973 /* IntelliGuideTests */,
				028F4AB81AD7FD5700C63973 /* Products */,
			);
			sourceTree = "<group>";
		};
		028F4AB81AD7FD5700C63973 /* Products */ = {
			isa = PBXGroup;
			children = (
				028F4AB71AD7FD5700C63973 /* IntelliGuide.app */,
				028F4AD01AD7FD5700C63973 /* IntelliGuideTests.xctest */,
			);
			name = Products;
			sourceTree = "<group>";
		};
		028F4AB91AD7FD5700C63973 /* IntelliGuide */ = {
			isa = PBXGroup;
			children = (
				028F4ABE1AD7FD5700C63973 /* AppDelegate.h */,
				028F4ABF1AD7FD5700C63973 /* AppDelegate.m */,
				028F4AC41AD7FD5700C63973 /* Main.storyboard */,
				028F4AC71AD7FD5700C63973 /* Images.xcassets */,
				028F4AC91AD7FD5700C63973 /* LaunchScreen.xib */,
				028F4ABA1AD7FD5700C63973 /* Supporting Files */,
				029041601B065D7900B2B41E /* Utilities */,
				021196251AE0178C00C367C6 /* Model */,
				021196241AE0178000C367C6 /* ViewControllers */,
				021196261AE0179E00C367C6 /* Views */,
			);
			path = IntelliGuide;
			sourceTree = "<group>";
		};
		028F4ABA1AD7FD5700C63973 /* Supporting Files */ = {
			isa = PBXGroup;
			children = (
				028F4ABB1AD7FD5700C63973 /* Info.plist */,
				028F4ABC1AD7FD5700C63973 /* main.m */,
			);
			name = "Supporting Files";
			sourceTree = "<group>";
		};
		028F4AD31AD7FD5700C63973 /* IntelliGuideTests */ = {
			isa = PBXGroup;
			children = (
				0887DB051B08B5AC00F2E7F6 /* IGCategoryTests.m */,
				0887DB1B1B0900AE00F2E7F6 /* IGReviewTests.m */,
				0887DB1D1B09113A00F2E7F6 /* IGAttractionTests.m */,
				025970611B094481006E5413 /* CategorySwitcherTableCellTests.m */,
				025970591B0930A8006E5413 /* AttractionCellTests.m */,
				0259705D1B093F1A006E5413 /* GalleryCollectionViewCellTests.m */,
				0259705F1B094108006E5413 /* GalleryCollectionReusableViewTest.m */,
				0259705B1B0936B5006E5413 /* ReviewCellTests.m */,
				028F4AD41AD7FD5700C63973 /* Supporting Files */,
				080AB86E1B0B104A00AF027C /* LoginControllerTests.m */,
				080AB8701B0B11E300AF027C /* GalleryFetcherTests.m */,
			);
			path = IntelliGuideTests;
			sourceTree = "<group>";
		};
		028F4AD41AD7FD5700C63973 /* Supporting Files */ = {
			isa = PBXGroup;
			children = (
				028F4AD51AD7FD5700C63973 /* Info.plist */,
			);
			name = "Supporting Files";
			sourceTree = "<group>";
		};
		029041601B065D7900B2B41E /* Utilities */ = {
			isa = PBXGroup;
			children = (
				029041611B065DAC00B2B41E /* GalleryFetcher.h */,
				029041621B065DAC00B2B41E /* GalleryFetcher.m */,
				08038EB61B0669460042955B /* LoginController.h */,
				08038EB71B0669460042955B /* LoginController.m */,
				027B25271B0BBE6E00C5E43F /* NavigationControllerDelegate.h */,
				027B25281B0BBE6E00C5E43F /* NavigationControllerDelegate.m */,
				027B252A1B0BC01000C5E43F /* CircleTransitionAnimator.h */,
				027B252B1B0BC01000C5E43F /* CircleTransitionAnimator.m */,
				0813F4571B1B69D700623A13 /* LocationManager.h */,
				0813F4581B1B69D700623A13 /* LocationManager.m */,
				084459021B2371DE00EC3D6C /* CALayer+XibConfiguration.h */,
				084459031B2371DE00EC3D6C /* CALayer+XibConfiguration.m */,
			);
			name = Utilities;
			sourceTree = "<group>";
		};
/* End PBXGroup section */

/* Begin PBXNativeTarget section */
		028F4AB61AD7FD5700C63973 /* IntelliGuide */ = {
			isa = PBXNativeTarget;
			buildConfigurationList = 028F4ADA1AD7FD5700C63973 /* Build configuration list for PBXNativeTarget "IntelliGuide" */;
			buildPhases = (
				028F4AB31AD7FD5700C63973 /* Sources */,
				028F4AB41AD7FD5700C63973 /* Frameworks */,
				028F4AB51AD7FD5700C63973 /* Resources */,
			);
			buildRules = (
			);
			dependencies = (
			);
			name = IntelliGuide;
			productName = IntelliGuide;
			productReference = 028F4AB71AD7FD5700C63973 /* IntelliGuide.app */;
			productType = "com.apple.product-type.application";
		};
		028F4ACF1AD7FD5700C63973 /* IntelliGuideTests */ = {
			isa = PBXNativeTarget;
			buildConfigurationList = 028F4ADD1AD7FD5700C63973 /* Build configuration list for PBXNativeTarget "IntelliGuideTests" */;
			buildPhases = (
				028F4ACC1AD7FD5700C63973 /* Sources */,
				028F4ACD1AD7FD5700C63973 /* Frameworks */,
				028F4ACE1AD7FD5700C63973 /* Resources */,
			);
			buildRules = (
			);
			dependencies = (
				028F4AD21AD7FD5700C63973 /* PBXTargetDependency */,
			);
			name = IntelliGuideTests;
			productName = IntelliGuideTests;
			productReference = 028F4AD01AD7FD5700C63973 /* IntelliGuideTests.xctest */;
			productType = "com.apple.product-type.bundle.unit-test";
		};
/* End PBXNativeTarget section */

/* Begin PBXProject section */
		028F4AAF1AD7FD5700C63973 /* Project object */ = {
			isa = PBXProject;
			attributes = {
				LastUpgradeCheck = 0620;
				ORGANIZATIONNAME = "Krzysztof Kapitan";
				TargetAttributes = {
					028F4AB61AD7FD5700C63973 = {
						CreatedOnToolsVersion = 6.2;
						DevelopmentTeam = 5G89KSC622;
						SystemCapabilities = {
							com.apple.InAppPurchase = {
								enabled = 0;
							};
						};
					};
					028F4ACF1AD7FD5700C63973 = {
						CreatedOnToolsVersion = 6.2;
						TestTargetID = 028F4AB61AD7FD5700C63973;
					};
				};
			};
			buildConfigurationList = 028F4AB21AD7FD5700C63973 /* Build configuration list for PBXProject "IntelliGuide" */;
			compatibilityVersion = "Xcode 3.2";
			developmentRegion = English;
			hasScannedForEncodings = 0;
			knownRegions = (
				en,
				Base,
			);
			mainGroup = 028F4AAE1AD7FD5700C63973;
			productRefGroup = 028F4AB81AD7FD5700C63973 /* Products */;
			projectDirPath = "";
			projectRoot = "";
			targets = (
				028F4AB61AD7FD5700C63973 /* IntelliGuide */,
				028F4ACF1AD7FD5700C63973 /* IntelliGuideTests */,
			);
		};
/* End PBXProject section */

/* Begin PBXResourcesBuildPhase section */
		028F4AB51AD7FD5700C63973 /* Resources */ = {
			isa = PBXResourcesBuildPhase;
			buildActionMask = 2147483647;
			files = (
				028F4AC61AD7FD5700C63973 /* Main.storyboard in Resources */,
				028F4ACB1AD7FD5700C63973 /* LaunchScreen.xib in Resources */,
				028F4AC81AD7FD5700C63973 /* Images.xcassets in Resources */,
				085872511AE1455400DA97AD /* CategorySwitcherTableCell.xib in Resources */,
				0239ED431B2B564F00E70E1A /* RefreshContents.xib in Resources */,
			);
			runOnlyForDeploymentPostprocessing = 0;
		};
		028F4ACE1AD7FD5700C63973 /* Resources */ = {
			isa = PBXResourcesBuildPhase;
			buildActionMask = 2147483647;
			files = (
			);
			runOnlyForDeploymentPostprocessing = 0;
		};
/* End PBXResourcesBuildPhase section */

/* Begin PBXSourcesBuildPhase section */
		028F4AB31AD7FD5700C63973 /* Sources */ = {
			isa = PBXSourcesBuildPhase;
			buildActionMask = 2147483647;
			files = (
				029041501B0602BC00B2B41E /* AddGalleryCollectionViewController.m in Sources */,
				08038EBE1B0683370042955B /* MenuViewController.m in Sources */,
				027B25291B0BBE6E00C5E43F /* NavigationControllerDelegate.m in Sources */,
				08C80D6C1AE3C4E70033296F /* AttractionReviewsViewController.m in Sources */,
				028F4AC01AD7FD5700C63973 /* AppDelegate.m in Sources */,
				027B25261B0BB7B100C5E43F /* PresentPhotoViewController.m in Sources */,
				028F4ABD1AD7FD5700C63973 /* main.m in Sources */,
				08C80D601AE3C2D10033296F /* PageViewController.m in Sources */,
				0813F4591B1B69D700623A13 /* LocationManager.m in Sources */,
				08EA25D21B0C797000ED6EC5 /* MyPFLoginViewController.m in Sources */,
				08038EB81B0669460042955B /* LoginController.m in Sources */,
				029041531B0605FA00B2B41E /* GalleryCollectionViewCell.m in Sources */,
				08C7E10B1B074D63006DEEFC /* MBProgressHUD.m in Sources */,
				084459011B235EFD00EC3D6C /* MapEditViewController.m in Sources */,
				08C80D691AE3C4D60033296F /* AttractionDescriptionViewController.m in Sources */,
				021E591A1AE411260003B6B7 /* NewAttractionViewController.m in Sources */,
				021195F91ADFF32D00C367C6 /* AttractionsTableViewController.m in Sources */,
				08C80D721AE3DDD40033296F /* IGReview.m in Sources */,
				084459041B2371DE00EC3D6C /* CALayer+XibConfiguration.m in Sources */,
				0822024D1AE2DB2500921149 /* IGCategory.m in Sources */,
				08038EBB1B067C2D0042955B /* SWRevealViewController.m in Sources */,
				029041631B065DAC00B2B41E /* GalleryFetcher.m in Sources */,
				0239ED411B2B51A400E70E1A /* CustomRefresh.m in Sources */,
				0230BA6D1B024E2C00B14A6B /* NewReviewViewController.m in Sources */,
				027B252C1B0BC01000C5E43F /* CircleTransitionAnimator.m in Sources */,
				021195FC1ADFF36000C367C6 /* PreferencesViewController.m in Sources */,
				08EA25D51B0C7BDD00ED6EC5 /* MyPFSingUpViewController.m in Sources */,
				029041561B06155E00B2B41E /* GalleryCollectionReusableView.m in Sources */,
				08C80D781AE3F4650033296F /* ASStarRatingView.m in Sources */,
				08D791B61AE6BDBF00E18B8C /* IGAttraction.m in Sources */,
				084458FE1B2346DD00EC3D6C /* MapViewController.m in Sources */,
				082202501AE30B1700921149 /* AttractionCell.m in Sources */,
				0290415F1B064D1200B2B41E /* GalleryCollectionViewController.m in Sources */,
				08C80D661AE3C3D20033296F /* AttractionDetailsViewController.m in Sources */,
				085872541AE1457900DA97AD /* CategorySwitcherTableCell.m in Sources */,
				021E59171AE40BF30003B6B7 /* CategoryPickerTableViewController.m in Sources */,
				08C80D6F1AE3DC120033296F /* ReviewCell.m in Sources */,
				08038EC11B06875D0042955B /* SettingsViewController.m in Sources */,
			);
			runOnlyForDeploymentPostprocessing = 0;
		};
		028F4ACC1AD7FD5700C63973 /* Sources */ = {
			isa = PBXSourcesBuildPhase;
			buildActionMask = 2147483647;
			files = (
				080AB86F1B0B104A00AF027C /* LoginControllerTests.m in Sources */,
				0259705E1B093F1A006E5413 /* GalleryCollectionViewCellTests.m in Sources */,
				0259705A1B0930A8006E5413 /* AttractionCellTests.m in Sources */,
				025970621B094481006E5413 /* CategorySwitcherTableCellTests.m in Sources */,
				025970601B094108006E5413 /* GalleryCollectionReusableViewTest.m in Sources */,
				0887DB1E1B09113A00F2E7F6 /* IGAttractionTests.m in Sources */,
				0259705C1B0936B5006E5413 /* ReviewCellTests.m in Sources */,
				0887DB061B08B5AC00F2E7F6 /* IGCategoryTests.m in Sources */,
				080AB8711B0B11E300AF027C /* GalleryFetcherTests.m in Sources */,
				0887DB1C1B0900AE00F2E7F6 /* IGReviewTests.m in Sources */,
			);
			runOnlyForDeploymentPostprocessing = 0;
		};
/* End PBXSourcesBuildPhase section */

/* Begin PBXTargetDependency section */
		028F4AD21AD7FD5700C63973 /* PBXTargetDependency */ = {
			isa = PBXTargetDependency;
			target = 028F4AB61AD7FD5700C63973 /* IntelliGuide */;
			targetProxy = 028F4AD11AD7FD5700C63973 /* PBXContainerItemProxy */;
		};
/* End PBXTargetDependency section */

/* Begin PBXVariantGroup section */
		028F4AC41AD7FD5700C63973 /* Main.storyboard */ = {
			isa = PBXVariantGroup;
			children = (
				028F4AC51AD7FD5700C63973 /* Base */,
			);
			name = Main.storyboard;
			sourceTree = "<group>";
		};
		028F4AC91AD7FD5700C63973 /* LaunchScreen.xib */ = {
			isa = PBXVariantGroup;
			children = (
				028F4ACA1AD7FD5700C63973 /* Base */,
			);
			name = LaunchScreen.xib;
			sourceTree = "<group>";
		};
/* End PBXVariantGroup section */

/* Begin XCBuildConfiguration section */
		028F4AD81AD7FD5700C63973 /* Debug */ = {
			isa = XCBuildConfiguration;
			buildSettings = {
				ALWAYS_SEARCH_USER_PATHS = NO;
				CLANG_CXX_LANGUAGE_STANDARD = "gnu++0x";
				CLANG_CXX_LIBRARY = "libc++";
				CLANG_ENABLE_MODULES = YES;
				CLANG_ENABLE_OBJC_ARC = YES;
				CLANG_WARN_BOOL_CONVERSION = YES;
				CLANG_WARN_CONSTANT_CONVERSION = YES;
				CLANG_WARN_DIRECT_OBJC_ISA_USAGE = YES_ERROR;
				CLANG_WARN_EMPTY_BODY = YES;
				CLANG_WARN_ENUM_CONVERSION = YES;
				CLANG_WARN_INT_CONVERSION = YES;
				CLANG_WARN_OBJC_ROOT_CLASS = YES_ERROR;
				CLANG_WARN_UNREACHABLE_CODE = YES;
				CLANG_WARN__DUPLICATE_METHOD_MATCH = YES;
				"CODE_SIGN_IDENTITY[sdk=iphoneos*]" = "iPhone Developer";
				COPY_PHASE_STRIP = NO;
				ENABLE_STRICT_OBJC_MSGSEND = YES;
				GCC_C_LANGUAGE_STANDARD = gnu99;
				GCC_DYNAMIC_NO_PIC = NO;
				GCC_OPTIMIZATION_LEVEL = 0;
				GCC_PREPROCESSOR_DEFINITIONS = (
					"DEBUG=1",
					"$(inherited)",
				);
				GCC_SYMBOLS_PRIVATE_EXTERN = NO;
				GCC_WARN_64_TO_32_BIT_CONVERSION = YES;
				GCC_WARN_ABOUT_RETURN_TYPE = YES_ERROR;
				GCC_WARN_UNDECLARED_SELECTOR = YES;
				GCC_WARN_UNINITIALIZED_AUTOS = YES_AGGRESSIVE;
				GCC_WARN_UNUSED_FUNCTION = YES;
				GCC_WARN_UNUSED_VARIABLE = YES;
				IPHONEOS_DEPLOYMENT_TARGET = 8.2;
				MTL_ENABLE_DEBUG_INFO = YES;
				ONLY_ACTIVE_ARCH = YES;
				SDKROOT = iphoneos;
			};
			name = Debug;
		};
		028F4AD91AD7FD5700C63973 /* Release */ = {
			isa = XCBuildConfiguration;
			buildSettings = {
				ALWAYS_SEARCH_USER_PATHS = NO;
				CLANG_CXX_LANGUAGE_STANDARD = "gnu++0x";
				CLANG_CXX_LIBRARY = "libc++";
				CLANG_ENABLE_MODULES = YES;
				CLANG_ENABLE_OBJC_ARC = YES;
				CLANG_WARN_BOOL_CONVERSION = YES;
				CLANG_WARN_CONSTANT_CONVERSION = YES;
				CLANG_WARN_DIRECT_OBJC_ISA_USAGE = YES_ERROR;
				CLANG_WARN_EMPTY_BODY = YES;
				CLANG_WARN_ENUM_CONVERSION = YES;
				CLANG_WARN_INT_CONVERSION = YES;
				CLANG_WARN_OBJC_ROOT_CLASS = YES_ERROR;
				CLANG_WARN_UNREACHABLE_CODE = YES;
				CLANG_WARN__DUPLICATE_METHOD_MATCH = YES;
				"CODE_SIGN_IDENTITY[sdk=iphoneos*]" = "iPhone Developer";
				COPY_PHASE_STRIP = NO;
				ENABLE_NS_ASSERTIONS = NO;
				ENABLE_STRICT_OBJC_MSGSEND = YES;
				GCC_C_LANGUAGE_STANDARD = gnu99;
				GCC_WARN_64_TO_32_BIT_CONVERSION = YES;
				GCC_WARN_ABOUT_RETURN_TYPE = YES_ERROR;
				GCC_WARN_UNDECLARED_SELECTOR = YES;
				GCC_WARN_UNINITIALIZED_AUTOS = YES_AGGRESSIVE;
				GCC_WARN_UNUSED_FUNCTION = YES;
				GCC_WARN_UNUSED_VARIABLE = YES;
				IPHONEOS_DEPLOYMENT_TARGET = 8.2;
				MTL_ENABLE_DEBUG_INFO = NO;
				SDKROOT = iphoneos;
				VALIDATE_PRODUCT = YES;
			};
			name = Release;
		};
		028F4ADB1AD7FD5700C63973 /* Debug */ = {
			isa = XCBuildConfiguration;
			buildSettings = {
				ASSETCATALOG_COMPILER_APPICON_NAME = AppIcon;
				CODE_SIGN_IDENTITY = "iPhone Developer";
				FRAMEWORK_SEARCH_PATHS = (
					"$(inherited)",
					"$(PROJECT_DIR)/IntelliGuide",
					"$(PROJECT_DIR)",
				);
				INFOPLIST_FILE = IntelliGuide/Info.plist;
				IPHONEOS_DEPLOYMENT_TARGET = 8.1;
				LD_RUNPATH_SEARCH_PATHS = "$(inherited) @executable_path/Frameworks";
				PRODUCT_NAME = "$(TARGET_NAME)";
			};
			name = Debug;
		};
		028F4ADC1AD7FD5700C63973 /* Release */ = {
			isa = XCBuildConfiguration;
			buildSettings = {
				ASSETCATALOG_COMPILER_APPICON_NAME = AppIcon;
				CODE_SIGN_IDENTITY = "iPhone Developer";
				FRAMEWORK_SEARCH_PATHS = (
					"$(inherited)",
					"$(PROJECT_DIR)/IntelliGuide",
					"$(PROJECT_DIR)",
				);
				INFOPLIST_FILE = IntelliGuide/Info.plist;
				IPHONEOS_DEPLOYMENT_TARGET = 8.1;
				LD_RUNPATH_SEARCH_PATHS = "$(inherited) @executable_path/Frameworks";
				PRODUCT_NAME = "$(TARGET_NAME)";
			};
			name = Release;
		};
		028F4ADE1AD7FD5700C63973 /* Debug */ = {
			isa = XCBuildConfiguration;
			buildSettings = {
				BUNDLE_LOADER = "$(TEST_HOST)";
				FRAMEWORK_SEARCH_PATHS = (
					"$(SDKROOT)/Developer/Library/Frameworks",
					"$(inherited)",
					"$(PROJECT_DIR)",
				);
				GCC_PREPROCESSOR_DEFINITIONS = (
					"DEBUG=1",
					"$(inherited)",
				);
				HEADER_SEARCH_PATHS = (
					"$(inherited)",
					/Applications/Xcode.app/Contents/Developer/Toolchains/XcodeDefault.xctoolchain/usr/include,
					"$(PROJECT_DIR)/usr/include",
				);
				INFOPLIST_FILE = IntelliGuideTests/Info.plist;
				LD_RUNPATH_SEARCH_PATHS = "$(inherited) @executable_path/Frameworks @loader_path/Frameworks";
				LIBRARY_SEARCH_PATHS = (
					"$(inherited)",
					"$(PROJECT_DIR)/usr/lib",
				);
				OTHER_LDFLAGS = (
					"$(inherited)",
					"-framework",
					XCTest,
					"-ObjC",
				);
				PRODUCT_NAME = "$(TARGET_NAME)";
				TEST_HOST = "$(BUILT_PRODUCTS_DIR)/IntelliGuide.app/IntelliGuide";
			};
			name = Debug;
		};
		028F4ADF1AD7FD5700C63973 /* Release */ = {
			isa = XCBuildConfiguration;
			buildSettings = {
				BUNDLE_LOADER = "$(TEST_HOST)";
				FRAMEWORK_SEARCH_PATHS = (
					"$(SDKROOT)/Developer/Library/Frameworks",
					"$(inherited)",
					"$(PROJECT_DIR)",
				);
				HEADER_SEARCH_PATHS = (
					"$(inherited)",
					/Applications/Xcode.app/Contents/Developer/Toolchains/XcodeDefault.xctoolchain/usr/include,
					"$(PROJECT_DIR)/usr/include",
				);
				INFOPLIST_FILE = IntelliGuideTests/Info.plist;
				LD_RUNPATH_SEARCH_PATHS = "$(inherited) @executable_path/Frameworks @loader_path/Frameworks";
				LIBRARY_SEARCH_PATHS = (
					"$(inherited)",
					"$(PROJECT_DIR)/usr/lib",
				);
				OTHER_LDFLAGS = (
					"$(inherited)",
					"-framework",
					XCTest,
					"-ObjC",
				);
				PRODUCT_NAME = "$(TARGET_NAME)";
				TEST_HOST = "$(BUILT_PRODUCTS_DIR)/IntelliGuide.app/IntelliGuide";
			};
			name = Release;
		};
/* End XCBuildConfiguration section */

/* Begin XCConfigurationList section */
		028F4AB21AD7FD5700C63973 /* Build configuration list for PBXProject "IntelliGuide" */ = {
			isa = XCConfigurationList;
			buildConfigurations = (
				028F4AD81AD7FD5700C63973 /* Debug */,
				028F4AD91AD7FD5700C63973 /* Release */,
			);
			defaultConfigurationIsVisible = 0;
			defaultConfigurationName = Release;
		};
		028F4ADA1AD7FD5700C63973 /* Build configuration list for PBXNativeTarget "IntelliGuide" */ = {
			isa = XCConfigurationList;
			buildConfigurations = (
				028F4ADB1AD7FD5700C63973 /* Debug */,
				028F4ADC1AD7FD5700C63973 /* Release */,
			);
			defaultConfigurationIsVisible = 0;
			defaultConfigurationName = Release;
		};
		028F4ADD1AD7FD5700C63973 /* Build configuration list for PBXNativeTarget "IntelliGuideTests" */ = {
			isa = XCConfigurationList;
			buildConfigurations = (
				028F4ADE1AD7FD5700C63973 /* Debug */,
				028F4ADF1AD7FD5700C63973 /* Release */,
			);
			defaultConfigurationIsVisible = 0;
			defaultConfigurationName = Release;
		};
/* End XCConfigurationList section */
	};
	rootObject = 028F4AAF1AD7FD5700C63973 /* Project object */;
}
